{
  "requires": true,
  "lockfileVersion": 1,
  "dependencies": {
    "fpichinual-palindrome": {
      "version": "0.1.0",
      "resolved": "https://registry.npmjs.org/fpichinual-palindrome/-/fpichinual-palindrome-0.1.0.tgz",
      "integrity": "sha512-ntzejSBGauvBLcvMBI9nS+WH8Jh8ld6k381M9FyUZjH4DRqmOeizMS1fVeKR5yrwdbl6R1rFRQuUDppWazyYwQ=="
    }
  }
}
